
Microsoft Visual Studio Solution File, Format Version 12.00
# Visual Studio Version 17
VisualStudioVersion = 17.2.32526.322
MinimumVisualStudioVersion = 10.0.40219.1
Project("{9A19103F-16F7-4668-BE54-9A1E7A4F7556}") = "WebProject", "WebProject\WebProject.csproj", "{BF5268A2-E200-46EC-B297-6240B5D7B352}"
EndProject
Project("{FAE04EC0-301F-11D3-BF4B-00C04F79EFBC}") = "ComponentLibrary", "ComponentLibrary\ComponentLibrary.csproj", "{281BCF02-E0B4-481E-8951-D352DF848E2D}"
EndProject
Global
	GlobalSection(SolutionConfigurationPlatforms) = preSolution
		Debug|Any CPU = Debug|Any CPU
		Release|Any CPU = Release|Any CPU
	EndGlobalSection
	GlobalSection(ProjectConfigurationPlatforms) = postSolution
		{BF5268A2-E200-46EC-B297-6240B5D7B352}.Debug|Any CPU.ActiveCfg = Debug|Any CPU
		{BF5268A2-E200-46EC-B297-6240B5D7B352}.Debug|Any CPU.Build.0 = Debug|Any CPU
		{BF5268A2-E200-46EC-B297-6240B5D7B352}.Release|Any CPU.ActiveCfg = Release|Any CPU
		{BF5268A2-E200-46EC-B297-6240B5D7B352}.Release|Any CPU.Build.0 = Release|Any CPU
		{281BCF02-E0B4-481E-8951-D352DF848E2D}.Debug|Any CPU.ActiveCfg = Debug|Any CPU
		{281BCF02-E0B4-481E-8951-D352DF848E2D}.Debug|Any CPU.Build.0 = Debug|Any CPU
		{281BCF02-E0B4-481E-8951-D352DF848E2D}.Release|Any CPU.ActiveCfg = Release|Any CPU
		{281BCF02-E0B4-481E-8951-D352DF848E2D}.Release|Any CPU.Build.0 = Release|Any CPU
	EndGlobalSection
	GlobalSection(SolutionProperties) = preSolution
		HideSolutionNode = FALSE
	EndGlobalSection
	GlobalSection(ExtensibilityGlobals) = postSolution
		SolutionGuid = {ADFF12AD-7663-4065-BD71-18843CD40181}
	EndGlobalSection
EndGlobal
