
Microsoft Visual Studio Solution File, Format Version 12.00
# Visual Studio Version 17
VisualStudioVersion = 17.2.32526.322
MinimumVisualStudioVersion = 10.0.40219.1
Project("{FAE04EC0-301F-11D3-BF4B-00C04F79EFBC}") = "WebProject", "WebProject.csproj", "{EC21D1A0-59B2-4B9D-98B6-3091430BB4EF}"
EndProject
Global
	GlobalSection(SolutionConfigurationPlatforms) = preSolution
		Debug|Any CPU = Debug|Any CPU
		Release|Any CPU = Release|Any CPU
	EndGlobalSection
	GlobalSection(ProjectConfigurationPlatforms) = postSolution
		{EC21D1A0-59B2-4B9D-98B6-3091430BB4EF}.Debug|Any CPU.ActiveCfg = Debug|Any CPU
		{EC21D1A0-59B2-4B9D-98B6-3091430BB4EF}.Debug|Any CPU.Build.0 = Debug|Any CPU
		{EC21D1A0-59B2-4B9D-98B6-3091430BB4EF}.Release|Any CPU.ActiveCfg = Release|Any CPU
		{EC21D1A0-59B2-4B9D-98B6-3091430BB4EF}.Release|Any CPU.Build.0 = Release|Any CPU
	EndGlobalSection
	GlobalSection(SolutionProperties) = preSolution
		HideSolutionNode = FALSE
	EndGlobalSection
	GlobalSection(ExtensibilityGlobals) = postSolution
		SolutionGuid = {ADFF12AD-7663-4065-BD71-18843CD40181}
	EndGlobalSection
EndGlobal
